
Microsoft Visual Studio Solution File, Format Version 12.00
# Visual Studio Version 17
VisualStudioVersion = 17.5.002.0
MinimumVisualStudioVersion = 10.0.40219.1
Project("{9A19103F-16F7-4668-BE54-9A1E7A4F7556}") = "Blog", "Blog.csproj", "{8C045E22-0FC5-44AE-A97C-770A7BC66E0C}"
EndProject
Global
	GlobalSection(SolutionConfigurationPlatforms) = preSolution
		Debug|Any CPU = Debug|Any CPU
		Release|Any CPU = Release|Any CPU
	EndGlobalSection
	GlobalSection(ProjectConfigurationPlatforms) = postSolution
		{8C045E22-0FC5-44AE-A97C-770A7BC66E0C}.Debug|Any CPU.ActiveCfg = Debug|Any CPU
		{8C045E22-0FC5-44AE-A97C-770A7BC66E0C}.Debug|Any CPU.Build.0 = Debug|Any CPU
		{8C045E22-0FC5-44AE-A97C-770A7BC66E0C}.Release|Any CPU.ActiveCfg = Release|Any CPU
		{8C045E22-0FC5-44AE-A97C-770A7BC66E0C}.Release|Any CPU.Build.0 = Release|Any CPU
	EndGlobalSection
	GlobalSection(SolutionProperties) = preSolution
		HideSolutionNode = FALSE
	EndGlobalSection
	GlobalSection(ExtensibilityGlobals) = postSolution
		SolutionGuid = {3548FA0D-C59D-4673-A7D6-18A01BEBED73}
	EndGlobalSection
EndGlobal
